// !$*UTF8*$!
{
	archiveVersion = 1;
	classes = {
	};
	objectVersion = 46;
	objects = {

/* Begin PBXBuildFile section */
		912648F41693B1DD004D552F /* BottomActionView.m in Sources */ = {isa = PBXBuildFile; fileRef = 912648F31693B1DD004D552F /* BottomActionView.m */; };
		912CB587169B47CD00A76138 /* main.m in Sources */ = {isa = PBXBuildFile; fileRef = 91C40FA81687F7EE00092BF8 /* main.m */; };
		912CB588169B47CD00A76138 /* AppDelegate.m in Sources */ = {isa = PBXBuildFile; fileRef = 91C40FAC1687F7EE00092BF8 /* AppDelegate.m */; };
		912CB589169B47CD00A76138 /* TimesViewController.m in Sources */ = {isa = PBXBuildFile; fileRef = 91C40FF61688010400092BF8 /* TimesViewController.m */; };
		912CB58A169B47CD00A76138 /* TimerCell.m in Sources */ = {isa = PBXBuildFile; fileRef = 91C40FFE1688090900092BF8 /* TimerCell.m */; };
		912CB58B169B47CD00A76138 /* Timer.m in Sources */ = {isa = PBXBuildFile; fileRef = 91C4100E16891D5900092BF8 /* Timer.m */; };
		912CB58C169B47CD00A76138 /* TimesTableView.m in Sources */ = {isa = PBXBuildFile; fileRef = 914BD5F0168CF9D10068BFC4 /* TimesTableView.m */; };
		912CB58D169B47CD00A76138 /* CommonCLUtility.m in Sources */ = {isa = PBXBuildFile; fileRef = 914CD590168E667E0087C263 /* CommonCLUtility.m */; };
		912CB593169B47CD00A76138 /* BottomActionView.m in Sources */ = {isa = PBXBuildFile; fileRef = 912648F31693B1DD004D552F /* BottomActionView.m */; };
		912CB594169B47CD00A76138 /* SummaryViewController.m in Sources */ = {isa = PBXBuildFile; fileRef = 913103BC16968B580064406A /* SummaryViewController.m */; };
		912CB595169B47CD00A76138 /* SummaryTableView.m in Sources */ = {isa = PBXBuildFile; fileRef = 913103BF16968B780064406A /* SummaryTableView.m */; };
		912CB596169B47CD00A76138 /* SummaryCell.m in Sources */ = {isa = PBXBuildFile; fileRef = 913103C216968D520064406A /* SummaryCell.m */; };
		912CB597169B47CD00A76138 /* SummaryHeaderView.m in Sources */ = {isa = PBXBuildFile; fileRef = 91E05C671698B59000FE4A3B /* SummaryHeaderView.m */; };
		912CB598169B47CD00A76138 /* NoLapsCell.m in Sources */ = {isa = PBXBuildFile; fileRef = 91E05C6A1698C49700FE4A3B /* NoLapsCell.m */; };
		912CB599169B47CD00A76138 /* SummaryHeaderCell.m in Sources */ = {isa = PBXBuildFile; fileRef = 9155E041169A184F00425B22 /* SummaryHeaderCell.m */; };
		912CB59C169B47CD00A76138 /* QuartzCore.framework in Frameworks */ = {isa = PBXBuildFile; fileRef = 91E1A545168B45C30026DF49 /* QuartzCore.framework */; };
		912CB59D169B47CD00A76138 /* UIKit.framework in Frameworks */ = {isa = PBXBuildFile; fileRef = 91C40F9C1687F7EE00092BF8 /* UIKit.framework */; };
		912CB59E169B47CD00A76138 /* Foundation.framework in Frameworks */ = {isa = PBXBuildFile; fileRef = 91C40F9E1687F7EE00092BF8 /* Foundation.framework */; };
		912CB59F169B47CD00A76138 /* CoreGraphics.framework in Frameworks */ = {isa = PBXBuildFile; fileRef = 91C40FA01687F7EE00092BF8 /* CoreGraphics.framework */; };
		912CB5A1169B47CD00A76138 /* InfoPlist.strings in Resources */ = {isa = PBXBuildFile; fileRef = 91C40FA51687F7EE00092BF8 /* InfoPlist.strings */; };
		912CB5A2169B47CD00A76138 /* Default.png in Resources */ = {isa = PBXBuildFile; fileRef = 91C40FAE1687F7EE00092BF8 /* Default.png */; };
		912CB5A3169B47CD00A76138 /* Default@2x.png in Resources */ = {isa = PBXBuildFile; fileRef = 91C40FB01687F7EE00092BF8 /* Default@2x.png */; };
		912CB5A4169B47CD00A76138 /* Default-568h@2x.png in Resources */ = {isa = PBXBuildFile; fileRef = 91C40FB21687F7EE00092BF8 /* Default-568h@2x.png */; };
		912CB5A5169B47CD00A76138 /* debut_light_@2X.png in Resources */ = {isa = PBXBuildFile; fileRef = 91C410011688E07400092BF8 /* debut_light_@2X.png */; };
		912CB5A6169B47CD00A76138 /* debut_light.png in Resources */ = {isa = PBXBuildFile; fileRef = 91C410021688E07400092BF8 /* debut_light.png */; };
		912CB5A7169B47CD00A76138 /* concrete_wall.png in Resources */ = {isa = PBXBuildFile; fileRef = 91C410051688E87300092BF8 /* concrete_wall.png */; };
		912CB5A8169B47CD00A76138 /* darkdenim3.png in Resources */ = {isa = PBXBuildFile; fileRef = 91C410071688E88100092BF8 /* darkdenim3.png */; };
		913103BD16968B580064406A /* SummaryViewController.m in Sources */ = {isa = PBXBuildFile; fileRef = 913103BC16968B580064406A /* SummaryViewController.m */; };
		913103C016968B790064406A /* SummaryTableView.m in Sources */ = {isa = PBXBuildFile; fileRef = 913103BF16968B780064406A /* SummaryTableView.m */; };
		913103C316968D520064406A /* SummaryCell.m in Sources */ = {isa = PBXBuildFile; fileRef = 913103C216968D520064406A /* SummaryCell.m */; };
		9135A51F169E5C14002F79B8 /* TimerSummaryCell.m in Sources */ = {isa = PBXBuildFile; fileRef = 9135A51E169E5C14002F79B8 /* TimerSummaryCell.m */; };
		9135A527169E7EE6002F79B8 /* Clipboard.png in Resources */ = {isa = PBXBuildFile; fileRef = 9135A526169E7EE6002F79B8 /* Clipboard.png */; };
		9135A529169E7EED002F79B8 /* Clock.png in Resources */ = {isa = PBXBuildFile; fileRef = 9135A528169E7EED002F79B8 /* Clock.png */; };
		9135A52B169E809E002F79B8 /* bar.png in Resources */ = {isa = PBXBuildFile; fileRef = 9135A52A169E809E002F79B8 /* bar.png */; };
		9135A52D169E80A7002F79B8 /* line.png in Resources */ = {isa = PBXBuildFile; fileRef = 9135A52C169E80A7002F79B8 /* line.png */; };
		913A116E169B70EC00FBADC8 /* ClickButton.wav in Resources */ = {isa = PBXBuildFile; fileRef = 913A116D169B70EB00FBADC8 /* ClickButton.wav */; };
		913A1173169B78D100FBADC8 /* AVFoundation.framework in Frameworks */ = {isa = PBXBuildFile; fileRef = 913A1172169B78D100FBADC8 /* AVFoundation.framework */; };
		913A1175169BA6ED00FBADC8 /* nav_click.mp3 in Resources */ = {isa = PBXBuildFile; fileRef = 913A1174169BA6ED00FBADC8 /* nav_click.mp3 */; };
		913A1177169BA84500FBADC8 /* lap_click.mp3 in Resources */ = {isa = PBXBuildFile; fileRef = 913A1176169BA84500FBADC8 /* lap_click.mp3 */; };
		913A1179169BAA0000FBADC8 /* lapClick.mp3 in Resources */ = {isa = PBXBuildFile; fileRef = 913A1178169BAA0000FBADC8 /* lapClick.mp3 */; };
		913A117B169BAF7500FBADC8 /* nav_click2.mp3 in Resources */ = {isa = PBXBuildFile; fileRef = 913A117A169BAF7500FBADC8 /* nav_click2.mp3 */; };
		913A1181169BB3F900FBADC8 /* start.wav in Resources */ = {isa = PBXBuildFile; fileRef = 913A1180169BB3F900FBADC8 /* start.wav */; };
		913A1183169BB95500FBADC8 /* swish.wav in Resources */ = {isa = PBXBuildFile; fileRef = 913A1182169BB95500FBADC8 /* swish.wav */; };
		913A1187169BBCD500FBADC8 /* click_low.wav in Resources */ = {isa = PBXBuildFile; fileRef = 913A1186169BBCD500FBADC8 /* click_low.wav */; };
		913A118B169CB2AD00FBADC8 /* high_click.wav in Resources */ = {isa = PBXBuildFile; fileRef = 913A118A169CB2AD00FBADC8 /* high_click.wav */; };
		913A1190169CC4D300FBADC8 /* TockSoundPlayer.m in Sources */ = {isa = PBXBuildFile; fileRef = 913A118F169CC4D300FBADC8 /* TockSoundPlayer.m */; };
		913A1196169CE0F400FBADC8 /* stop.wav in Resources */ = {isa = PBXBuildFile; fileRef = 913A1195169CE0F400FBADC8 /* stop.wav */; };
		913A1198169CE22100FBADC8 /* stop2.wav in Resources */ = {isa = PBXBuildFile; fileRef = 913A1197169CE22100FBADC8 /* stop2.wav */; };
		913A119A169CE22B00FBADC8 /* stop3.wav in Resources */ = {isa = PBXBuildFile; fileRef = 913A1199169CE22B00FBADC8 /* stop3.wav */; };
		913A119C169CE4CD00FBADC8 /* stop4.wav in Resources */ = {isa = PBXBuildFile; fileRef = 913A119B169CE4CD00FBADC8 /* stop4.wav */; };
		913A119E169CE54400FBADC8 /* start2.wav in Resources */ = {isa = PBXBuildFile; fileRef = 913A119D169CE54400FBADC8 /* start2.wav */; };
		913A11A0169CE5BE00FBADC8 /* lap.wav in Resources */ = {isa = PBXBuildFile; fileRef = 913A119F169CE5BE00FBADC8 /* lap.wav */; };
		913A11A3169D095500FBADC8 /* GoalPickerView.m in Sources */ = {isa = PBXBuildFile; fileRef = 913A11A2169D095500FBADC8 /* GoalPickerView.m */; };
		913A11B3169E08EE00FBADC8 /* settings@2x~iphone.png in Resources */ = {isa = PBXBuildFile; fileRef = 913A11B2169E08EE00FBADC8 /* settings@2x~iphone.png */; };
		913A11B6169E09B100FBADC8 /* SettingsViewController.m in Sources */ = {isa = PBXBuildFile; fileRef = 913A11B5169E09B100FBADC8 /* SettingsViewController.m */; };
		913A11BB169E146800FBADC8 /* SettingsCell.m in Sources */ = {isa = PBXBuildFile; fileRef = 913A11BA169E146800FBADC8 /* SettingsCell.m */; };
		914BD5F1168CF9D10068BFC4 /* TimesTableView.m in Sources */ = {isa = PBXBuildFile; fileRef = 914BD5F0168CF9D10068BFC4 /* TimesTableView.m */; };
		914CD591168E667E0087C263 /* CommonCLUtility.m in Sources */ = {isa = PBXBuildFile; fileRef = 914CD590168E667E0087C263 /* CommonCLUtility.m */; };
		9155E042169A184F00425B22 /* SummaryHeaderCell.m in Sources */ = {isa = PBXBuildFile; fileRef = 9155E041169A184F00425B22 /* SummaryHeaderCell.m */; };
		915B27E216A5067D00D30644 /* bulls_eye@2x~iphone.png in Resources */ = {isa = PBXBuildFile; fileRef = 915B27E116A5067D00D30644 /* bulls_eye@2x~iphone.png */; };
		915B27E416A5068300D30644 /* lock_button@2x~iphone.png in Resources */ = {isa = PBXBuildFile; fileRef = 915B27E316A5068300D30644 /* lock_button@2x~iphone.png */; };
		915B27E616A5088A00D30644 /* bulls_eye_white@2x~iphone.png in Resources */ = {isa = PBXBuildFile; fileRef = 915B27E516A5088A00D30644 /* bulls_eye_white@2x~iphone.png */; };
		915B27E816A508F200D30644 /* bulls_eye_white_nostroke@2x~iphone.png in Resources */ = {isa = PBXBuildFile; fileRef = 915B27E716A508F200D30644 /* bulls_eye_white_nostroke@2x~iphone.png */; };
		915B27EF16A50EAC00D30644 /* by_lap@2x~iphone.png in Resources */ = {isa = PBXBuildFile; fileRef = 915B27ED16A50EAC00D30644 /* by_lap@2x~iphone.png */; };
		915B27F016A50EAC00D30644 /* by_timer@2x~iphone.png in Resources */ = {isa = PBXBuildFile; fileRef = 915B27EE16A50EAC00D30644 /* by_timer@2x~iphone.png */; };
		915B27F216A50F1400D30644 /* settings_back@2x~iphone.png in Resources */ = {isa = PBXBuildFile; fileRef = 915B27F116A50F1400D30644 /* settings_back@2x~iphone.png */; };
		915B27F416A8586400D30644 /* Icon@2x.png in Resources */ = {isa = PBXBuildFile; fileRef = 915B27F316A8586400D30644 /* Icon@2x.png */; };
		915B27F616A8586600D30644 /* Icon.png in Resources */ = {isa = PBXBuildFile; fileRef = 915B27F516A8586600D30644 /* Icon.png */; };
		915B27F916A8656B00D30644 /* AboutViewController.m in Sources */ = {isa = PBXBuildFile; fileRef = 915B27F816A8656B00D30644 /* AboutViewController.m */; };
		915DFE3B169F466E0011D453 /* nav_bar@2x~iphone.png in Resources */ = {isa = PBXBuildFile; fileRef = 915DFE3A169F466E0011D453 /* nav_bar@2x~iphone.png */; };
		915DFE4B169F54400011D453 /* table_view_back@2x~iphone.png in Resources */ = {isa = PBXBuildFile; fileRef = 915DFE4A169F54400011D453 /* table_view_back@2x~iphone.png */; };
		915DFE4D169F5B3C0011D453 /* nav_bar_gray@2x~iphone.png in Resources */ = {isa = PBXBuildFile; fileRef = 915DFE4C169F5B3C0011D453 /* nav_bar_gray@2x~iphone.png */; };
		915DFE4F169F5BE00011D453 /* button_gray@2x~iphone.png in Resources */ = {isa = PBXBuildFile; fileRef = 915DFE4E169F5BE00011D453 /* button_gray@2x~iphone.png */; };
		915DFE7716A1EE1D0011D453 /* summary_button@2x~iphone.png in Resources */ = {isa = PBXBuildFile; fileRef = 915DFE7616A1EE1D0011D453 /* summary_button@2x~iphone.png */; };
		915DFE7B16A1EE470011D453 /* bottom_bar@2x~iphone.png in Resources */ = {isa = PBXBuildFile; fileRef = 915DFE7A16A1EE470011D453 /* bottom_bar@2x~iphone.png */; };
		915DFE7D16A1EE940011D453 /* top_bar@2x~iphone.png in Resources */ = {isa = PBXBuildFile; fileRef = 915DFE7C16A1EE940011D453 /* top_bar@2x~iphone.png */; };
		915DFE8116A1F1D10011D453 /* plus_button@2x~iphone.png in Resources */ = {isa = PBXBuildFile; fileRef = 915DFE8016A1F1D10011D453 /* plus_button@2x~iphone.png */; };
		915DFE8516A1F2D50011D453 /* button@2x~iphone.png in Resources */ = {isa = PBXBuildFile; fileRef = 915DFE8416A1F2D50011D453 /* button@2x~iphone.png */; };
		918773A916A4BADB000105DE /* cancel_button@2x~iphone.png in Resources */ = {isa = PBXBuildFile; fileRef = 918773A816A4BADB000105DE /* cancel_button@2x~iphone.png */; };
		91C40F9D1687F7EE00092BF8 /* UIKit.framework in Frameworks */ = {isa = PBXBuildFile; fileRef = 91C40F9C1687F7EE00092BF8 /* UIKit.framework */; };
		91C40F9F1687F7EE00092BF8 /* Foundation.framework in Frameworks */ = {isa = PBXBuildFile; fileRef = 91C40F9E1687F7EE00092BF8 /* Foundation.framework */; };
		91C40FA11687F7EE00092BF8 /* CoreGraphics.framework in Frameworks */ = {isa = PBXBuildFile; fileRef = 91C40FA01687F7EE00092BF8 /* CoreGraphics.framework */; };
		91C40FA71687F7EE00092BF8 /* InfoPlist.strings in Resources */ = {isa = PBXBuildFile; fileRef = 91C40FA51687F7EE00092BF8 /* InfoPlist.strings */; };
		91C40FA91687F7EE00092BF8 /* main.m in Sources */ = {isa = PBXBuildFile; fileRef = 91C40FA81687F7EE00092BF8 /* main.m */; };
		91C40FAD1687F7EE00092BF8 /* AppDelegate.m in Sources */ = {isa = PBXBuildFile; fileRef = 91C40FAC1687F7EE00092BF8 /* AppDelegate.m */; };
		91C40FAF1687F7EE00092BF8 /* Default.png in Resources */ = {isa = PBXBuildFile; fileRef = 91C40FAE1687F7EE00092BF8 /* Default.png */; };
		91C40FB11687F7EE00092BF8 /* Default@2x.png in Resources */ = {isa = PBXBuildFile; fileRef = 91C40FB01687F7EE00092BF8 /* Default@2x.png */; };
		91C40FB31687F7EE00092BF8 /* Default-568h@2x.png in Resources */ = {isa = PBXBuildFile; fileRef = 91C40FB21687F7EE00092BF8 /* Default-568h@2x.png */; };
		91C40FF71688010400092BF8 /* TimesViewController.m in Sources */ = {isa = PBXBuildFile; fileRef = 91C40FF61688010400092BF8 /* TimesViewController.m */; };
		91C40FFF1688090900092BF8 /* TimerCell.m in Sources */ = {isa = PBXBuildFile; fileRef = 91C40FFE1688090900092BF8 /* TimerCell.m */; };
		91C410031688E07400092BF8 /* debut_light_@2X.png in Resources */ = {isa = PBXBuildFile; fileRef = 91C410011688E07400092BF8 /* debut_light_@2X.png */; };
		91C410041688E07400092BF8 /* debut_light.png in Resources */ = {isa = PBXBuildFile; fileRef = 91C410021688E07400092BF8 /* debut_light.png */; };
		91C410061688E87300092BF8 /* concrete_wall.png in Resources */ = {isa = PBXBuildFile; fileRef = 91C410051688E87300092BF8 /* concrete_wall.png */; };
		91C410081688E88100092BF8 /* darkdenim3.png in Resources */ = {isa = PBXBuildFile; fileRef = 91C410071688E88100092BF8 /* darkdenim3.png */; };
		91C4100F16891D5900092BF8 /* Timer.m in Sources */ = {isa = PBXBuildFile; fileRef = 91C4100E16891D5900092BF8 /* Timer.m */; };
		91E05C681698B59000FE4A3B /* SummaryHeaderView.m in Sources */ = {isa = PBXBuildFile; fileRef = 91E05C671698B59000FE4A3B /* SummaryHeaderView.m */; };
		91E05C6B1698C49700FE4A3B /* NoLapsCell.m in Sources */ = {isa = PBXBuildFile; fileRef = 91E05C6A1698C49700FE4A3B /* NoLapsCell.m */; };
		91E1A546168B45C30026DF49 /* QuartzCore.framework in Frameworks */ = {isa = PBXBuildFile; fileRef = 91E1A545168B45C30026DF49 /* QuartzCore.framework */; };
/* End PBXBuildFile section */

/* Begin PBXFileReference section */
		912648F21693B1DD004D552F /* BottomActionView.h */ = {isa = PBXFileReference; fileEncoding = 4; lastKnownFileType = sourcecode.c.h; path = BottomActionView.h; sourceTree = "<group>"; };
		912648F31693B1DD004D552F /* BottomActionView.m */ = {isa = PBXFileReference; fileEncoding = 4; lastKnownFileType = sourcecode.c.objc; path = BottomActionView.m; sourceTree = "<group>"; };
		912CB5AD169B47CD00A76138 /* Tock-iPad.app */ = {isa = PBXFileReference; explicitFileType = wrapper.application; includeInIndex = 0; path = "Tock-iPad.app"; sourceTree = BUILT_PRODUCTS_DIR; };
		912CB5B0169B47CE00A76138 /* Tock copy-Info.plist */ = {isa = PBXFileReference; lastKnownFileType = text.plist.xml; path = "Tock copy-Info.plist"; sourceTree = "<group>"; };
		913103BB16968B580064406A /* SummaryViewController.h */ = {isa = PBXFileReference; fileEncoding = 4; lastKnownFileType = sourcecode.c.h; path = SummaryViewController.h; sourceTree = "<group>"; };
		913103BC16968B580064406A /* SummaryViewController.m */ = {isa = PBXFileReference; fileEncoding = 4; lastKnownFileType = sourcecode.c.objc; path = SummaryViewController.m; sourceTree = "<group>"; };
		913103BE16968B780064406A /* SummaryTableView.h */ = {isa = PBXFileReference; fileEncoding = 4; lastKnownFileType = sourcecode.c.h; path = SummaryTableView.h; sourceTree = "<group>"; };
		913103BF16968B780064406A /* SummaryTableView.m */ = {isa = PBXFileReference; fileEncoding = 4; lastKnownFileType = sourcecode.c.objc; path = SummaryTableView.m; sourceTree = "<group>"; };
		913103C116968D520064406A /* SummaryCell.h */ = {isa = PBXFileReference; fileEncoding = 4; lastKnownFileType = sourcecode.c.h; path = SummaryCell.h; sourceTree = "<group>"; };
		913103C216968D520064406A /* SummaryCell.m */ = {isa = PBXFileReference; fileEncoding = 4; lastKnownFileType = sourcecode.c.objc; path = SummaryCell.m; sourceTree = "<group>"; };
		9135A51D169E5C14002F79B8 /* TimerSummaryCell.h */ = {isa = PBXFileReference; fileEncoding = 4; lastKnownFileType = sourcecode.c.h; path = TimerSummaryCell.h; sourceTree = "<group>"; };
		9135A51E169E5C14002F79B8 /* TimerSummaryCell.m */ = {isa = PBXFileReference; fileEncoding = 4; lastKnownFileType = sourcecode.c.objc; path = TimerSummaryCell.m; sourceTree = "<group>"; };
		9135A526169E7EE6002F79B8 /* Clipboard.png */ = {isa = PBXFileReference; lastKnownFileType = image.png; name = Clipboard.png; path = ../Clipboard.png; sourceTree = "<group>"; };
		9135A528169E7EED002F79B8 /* Clock.png */ = {isa = PBXFileReference; lastKnownFileType = image.png; name = Clock.png; path = ../Clock.png; sourceTree = "<group>"; };
		9135A52A169E809E002F79B8 /* bar.png */ = {isa = PBXFileReference; lastKnownFileType = image.png; name = bar.png; path = ../bar.png; sourceTree = "<group>"; };
		9135A52C169E80A7002F79B8 /* line.png */ = {isa = PBXFileReference; lastKnownFileType = image.png; name = line.png; path = ../line.png; sourceTree = "<group>"; };
		913A116D169B70EB00FBADC8 /* ClickButton.wav */ = {isa = PBXFileReference; lastKnownFileType = audio.wav; path = ClickButton.wav; sourceTree = "<group>"; };
		913A1170169B71E500FBADC8 /* AudioToolbox.framework */ = {isa = PBXFileReference; lastKnownFileType = wrapper.framework; name = AudioToolbox.framework; path = System/Library/Frameworks/AudioToolbox.framework; sourceTree = SDKROOT; };
		913A1172169B78D100FBADC8 /* AVFoundation.framework */ = {isa = PBXFileReference; lastKnownFileType = wrapper.framework; name = AVFoundation.framework; path = System/Library/Frameworks/AVFoundation.framework; sourceTree = SDKROOT; };
		913A1174169BA6ED00FBADC8 /* nav_click.mp3 */ = {isa = PBXFileReference; lastKnownFileType = audio.mp3; path = nav_click.mp3; sourceTree = "<group>"; };
		913A1176169BA84500FBADC8 /* lap_click.mp3 */ = {isa = PBXFileReference; lastKnownFileType = audio.mp3; path = lap_click.mp3; sourceTree = "<group>"; };
		913A1178169BAA0000FBADC8 /* lapClick.mp3 */ = {isa = PBXFileReference; lastKnownFileType = audio.mp3; path = lapClick.mp3; sourceTree = "<group>"; };
		913A117A169BAF7500FBADC8 /* nav_click2.mp3 */ = {isa = PBXFileReference; lastKnownFileType = audio.mp3; path = nav_click2.mp3; sourceTree = "<group>"; };
		913A1180169BB3F900FBADC8 /* start.wav */ = {isa = PBXFileReference; lastKnownFileType = audio.wav; name = start.wav; path = ../start.wav; sourceTree = "<group>"; };
		913A1182169BB95500FBADC8 /* swish.wav */ = {isa = PBXFileReference; lastKnownFileType = audio.wav; name = swish.wav; path = ../swish.wav; sourceTree = "<group>"; };
		913A1186169BBCD500FBADC8 /* click_low.wav */ = {isa = PBXFileReference; lastKnownFileType = audio.wav; name = click_low.wav; path = ../click_low.wav; sourceTree = "<group>"; };
		913A118A169CB2AD00FBADC8 /* high_click.wav */ = {isa = PBXFileReference; lastKnownFileType = audio.wav; name = high_click.wav; path = ../high_click.wav; sourceTree = "<group>"; };
		913A118E169CC4D300FBADC8 /* TockSoundPlayer.h */ = {isa = PBXFileReference; fileEncoding = 4; lastKnownFileType = sourcecode.c.h; path = TockSoundPlayer.h; sourceTree = "<group>"; };
		913A118F169CC4D300FBADC8 /* TockSoundPlayer.m */ = {isa = PBXFileReference; fileEncoding = 4; lastKnownFileType = sourcecode.c.objc; path = TockSoundPlayer.m; sourceTree = "<group>"; };
		913A1195169CE0F400FBADC8 /* stop.wav */ = {isa = PBXFileReference; lastKnownFileType = audio.wav; path = stop.wav; sourceTree = "<group>"; };
		913A1197169CE22100FBADC8 /* stop2.wav */ = {isa = PBXFileReference; lastKnownFileType = audio.wav; path = stop2.wav; sourceTree = "<group>"; };
		913A1199169CE22B00FBADC8 /* stop3.wav */ = {isa = PBXFileReference; lastKnownFileType = audio.wav; path = stop3.wav; sourceTree = "<group>"; };
		913A119B169CE4CD00FBADC8 /* stop4.wav */ = {isa = PBXFileReference; lastKnownFileType = audio.wav; name = stop4.wav; path = ../stop4.wav; sourceTree = "<group>"; };
		913A119D169CE54400FBADC8 /* start2.wav */ = {isa = PBXFileReference; lastKnownFileType = audio.wav; path = start2.wav; sourceTree = "<group>"; };
		913A119F169CE5BE00FBADC8 /* lap.wav */ = {isa = PBXFileReference; lastKnownFileType = audio.wav; path = lap.wav; sourceTree = "<group>"; };
		913A11A1169D095500FBADC8 /* GoalPickerView.h */ = {isa = PBXFileReference; fileEncoding = 4; lastKnownFileType = sourcecode.c.h; path = GoalPickerView.h; sourceTree = "<group>"; };
		913A11A2169D095500FBADC8 /* GoalPickerView.m */ = {isa = PBXFileReference; fileEncoding = 4; lastKnownFileType = sourcecode.c.objc; path = GoalPickerView.m; sourceTree = "<group>"; };
		913A11B2169E08EE00FBADC8 /* settings@2x~iphone.png */ = {isa = PBXFileReference; lastKnownFileType = image.png; name = "settings@2x~iphone.png"; path = "../settings@2x~iphone.png"; sourceTree = "<group>"; };
		913A11B4169E09B100FBADC8 /* SettingsViewController.h */ = {isa = PBXFileReference; fileEncoding = 4; lastKnownFileType = sourcecode.c.h; path = SettingsViewController.h; sourceTree = "<group>"; };
		913A11B5169E09B100FBADC8 /* SettingsViewController.m */ = {isa = PBXFileReference; fileEncoding = 4; lastKnownFileType = sourcecode.c.objc; path = SettingsViewController.m; sourceTree = "<group>"; };
		913A11B9169E146800FBADC8 /* SettingsCell.h */ = {isa = PBXFileReference; fileEncoding = 4; lastKnownFileType = sourcecode.c.h; path = SettingsCell.h; sourceTree = "<group>"; };
		913A11BA169E146800FBADC8 /* SettingsCell.m */ = {isa = PBXFileReference; fileEncoding = 4; lastKnownFileType = sourcecode.c.objc; path = SettingsCell.m; sourceTree = "<group>"; };
		914BD5EF168CF9D10068BFC4 /* TimesTableView.h */ = {isa = PBXFileReference; fileEncoding = 4; lastKnownFileType = sourcecode.c.h; path = TimesTableView.h; sourceTree = "<group>"; };
		914BD5F0168CF9D10068BFC4 /* TimesTableView.m */ = {isa = PBXFileReference; fileEncoding = 4; lastKnownFileType = sourcecode.c.objc; path = TimesTableView.m; sourceTree = "<group>"; };
		914CD58F168E667E0087C263 /* CommonCLUtility.h */ = {isa = PBXFileReference; fileEncoding = 4; lastKnownFileType = sourcecode.c.h; path = CommonCLUtility.h; sourceTree = "<group>"; };
		914CD590168E667E0087C263 /* CommonCLUtility.m */ = {isa = PBXFileReference; fileEncoding = 4; lastKnownFileType = sourcecode.c.objc; path = CommonCLUtility.m; sourceTree = "<group>"; };
		9155E040169A184F00425B22 /* SummaryHeaderCell.h */ = {isa = PBXFileReference; fileEncoding = 4; lastKnownFileType = sourcecode.c.h; path = SummaryHeaderCell.h; sourceTree = "<group>"; };
		9155E041169A184F00425B22 /* SummaryHeaderCell.m */ = {isa = PBXFileReference; fileEncoding = 4; lastKnownFileType = sourcecode.c.objc; path = SummaryHeaderCell.m; sourceTree = "<group>"; };
		915B27E116A5067D00D30644 /* bulls_eye@2x~iphone.png */ = {isa = PBXFileReference; lastKnownFileType = image.png; name = "bulls_eye@2x~iphone.png"; path = "../bulls_eye@2x~iphone.png"; sourceTree = "<group>"; };
		915B27E316A5068300D30644 /* lock_button@2x~iphone.png */ = {isa = PBXFileReference; lastKnownFileType = image.png; name = "lock_button@2x~iphone.png"; path = "../lock_button@2x~iphone.png"; sourceTree = "<group>"; };
		915B27E516A5088A00D30644 /* bulls_eye_white@2x~iphone.png */ = {isa = PBXFileReference; lastKnownFileType = image.png; path = "bulls_eye_white@2x~iphone.png"; sourceTree = "<group>"; };
		915B27E716A508F200D30644 /* bulls_eye_white_nostroke@2x~iphone.png */ = {isa = PBXFileReference; lastKnownFileType = image.png; path = "bulls_eye_white_nostroke@2x~iphone.png"; sourceTree = "<group>"; };
		915B27ED16A50EAC00D30644 /* by_lap@2x~iphone.png */ = {isa = PBXFileReference; lastKnownFileType = image.png; name = "by_lap@2x~iphone.png"; path = "../by_lap@2x~iphone.png"; sourceTree = "<group>"; };
		915B27EE16A50EAC00D30644 /* by_timer@2x~iphone.png */ = {isa = PBXFileReference; lastKnownFileType = image.png; name = "by_timer@2x~iphone.png"; path = "../by_timer@2x~iphone.png"; sourceTree = "<group>"; };
		915B27F116A50F1400D30644 /* settings_back@2x~iphone.png */ = {isa = PBXFileReference; lastKnownFileType = image.png; name = "settings_back@2x~iphone.png"; path = "../settings_back@2x~iphone.png"; sourceTree = "<group>"; };
		915B27F316A8586400D30644 /* Icon@2x.png */ = {isa = PBXFileReference; lastKnownFileType = image.png; name = "Icon@2x.png"; path = "../Icon@2x.png"; sourceTree = "<group>"; };
		915B27F516A8586600D30644 /* Icon.png */ = {isa = PBXFileReference; lastKnownFileType = image.png; name = Icon.png; path = ../Icon.png; sourceTree = "<group>"; };
		915B27F716A8656B00D30644 /* AboutViewController.h */ = {isa = PBXFileReference; fileEncoding = 4; lastKnownFileType = sourcecode.c.h; path = AboutViewController.h; sourceTree = "<group>"; };
		915B27F816A8656B00D30644 /* AboutViewController.m */ = {isa = PBXFileReference; fileEncoding = 4; lastKnownFileType = sourcecode.c.objc; path = AboutViewController.m; sourceTree = "<group>"; };
		915DFE3A169F466E0011D453 /* nav_bar@2x~iphone.png */ = {isa = PBXFileReference; lastKnownFileType = image.png; name = "nav_bar@2x~iphone.png"; path = "../nav_bar@2x~iphone.png"; sourceTree = "<group>"; };
		915DFE4A169F54400011D453 /* table_view_back@2x~iphone.png */ = {isa = PBXFileReference; lastKnownFileType = image.png; path = "table_view_back@2x~iphone.png"; sourceTree = "<group>"; };
		915DFE4C169F5B3C0011D453 /* nav_bar_gray@2x~iphone.png */ = {isa = PBXFileReference; lastKnownFileType = image.png; path = "nav_bar_gray@2x~iphone.png"; sourceTree = "<group>"; };
		915DFE4E169F5BE00011D453 /* button_gray@2x~iphone.png */ = {isa = PBXFileReference; lastKnownFileType = image.png; path = "button_gray@2x~iphone.png"; sourceTree = "<group>"; };
		915DFE7616A1EE1D0011D453 /* summary_button@2x~iphone.png */ = {isa = PBXFileReference; lastKnownFileType = image.png; name = "summary_button@2x~iphone.png"; path = "../summary_button@2x~iphone.png"; sourceTree = "<group>"; };
		915DFE7A16A1EE470011D453 /* bottom_bar@2x~iphone.png */ = {isa = PBXFileReference; lastKnownFileType = image.png; name = "bottom_bar@2x~iphone.png"; path = "../bottom_bar@2x~iphone.png"; sourceTree = "<group>"; };
		915DFE7C16A1EE940011D453 /* top_bar@2x~iphone.png */ = {isa = PBXFileReference; lastKnownFileType = image.png; name = "top_bar@2x~iphone.png"; path = "../top_bar@2x~iphone.png"; sourceTree = "<group>"; };
		915DFE8016A1F1D10011D453 /* plus_button@2x~iphone.png */ = {isa = PBXFileReference; lastKnownFileType = image.png; name = "plus_button@2x~iphone.png"; path = "../plus_button@2x~iphone.png"; sourceTree = "<group>"; };
		915DFE8416A1F2D50011D453 /* button@2x~iphone.png */ = {isa = PBXFileReference; lastKnownFileType = image.png; name = "button@2x~iphone.png"; path = "../button@2x~iphone.png"; sourceTree = "<group>"; };
		918773A816A4BADB000105DE /* cancel_button@2x~iphone.png */ = {isa = PBXFileReference; lastKnownFileType = image.png; path = "cancel_button@2x~iphone.png"; sourceTree = "<group>"; };
		91C40F981687F7EE00092BF8 /* Tock.app */ = {isa = PBXFileReference; explicitFileType = wrapper.application; includeInIndex = 0; path = Tock.app; sourceTree = BUILT_PRODUCTS_DIR; };
		91C40F9C1687F7EE00092BF8 /* UIKit.framework */ = {isa = PBXFileReference; lastKnownFileType = wrapper.framework; name = UIKit.framework; path = System/Library/Frameworks/UIKit.framework; sourceTree = SDKROOT; };
		91C40F9E1687F7EE00092BF8 /* Foundation.framework */ = {isa = PBXFileReference; lastKnownFileType = wrapper.framework; name = Foundation.framework; path = System/Library/Frameworks/Foundation.framework; sourceTree = SDKROOT; };
		91C40FA01687F7EE00092BF8 /* CoreGraphics.framework */ = {isa = PBXFileReference; lastKnownFileType = wrapper.framework; name = CoreGraphics.framework; path = System/Library/Frameworks/CoreGraphics.framework; sourceTree = SDKROOT; };
		91C40FA41687F7EE00092BF8 /* Tock-Info.plist */ = {isa = PBXFileReference; lastKnownFileType = text.plist.xml; path = "Tock-Info.plist"; sourceTree = "<group>"; };
		91C40FA61687F7EE00092BF8 /* en */ = {isa = PBXFileReference; lastKnownFileType = text.plist.strings; name = en; path = en.lproj/InfoPlist.strings; sourceTree = "<group>"; };
		91C40FA81687F7EE00092BF8 /* main.m */ = {isa = PBXFileReference; lastKnownFileType = sourcecode.c.objc; path = main.m; sourceTree = "<group>"; };
		91C40FAA1687F7EE00092BF8 /* Tock-Prefix.pch */ = {isa = PBXFileReference; lastKnownFileType = sourcecode.c.h; path = "Tock-Prefix.pch"; sourceTree = "<group>"; };
		91C40FAB1687F7EE00092BF8 /* AppDelegate.h */ = {isa = PBXFileReference; lastKnownFileType = sourcecode.c.h; path = AppDelegate.h; sourceTree = "<group>"; };
		91C40FAC1687F7EE00092BF8 /* AppDelegate.m */ = {isa = PBXFileReference; lastKnownFileType = sourcecode.c.objc; path = AppDelegate.m; sourceTree = "<group>"; };
		91C40FAE1687F7EE00092BF8 /* Default.png */ = {isa = PBXFileReference; lastKnownFileType = image.png; path = Default.png; sourceTree = "<group>"; };
		91C40FB01687F7EE00092BF8 /* Default@2x.png */ = {isa = PBXFileReference; lastKnownFileType = image.png; path = "Default@2x.png"; sourceTree = "<group>"; };
		91C40FB21687F7EE00092BF8 /* Default-568h@2x.png */ = {isa = PBXFileReference; lastKnownFileType = image.png; path = "Default-568h@2x.png"; sourceTree = "<group>"; };
		91C40FF51688010400092BF8 /* TimesViewController.h */ = {isa = PBXFileReference; fileEncoding = 4; lastKnownFileType = sourcecode.c.h; path = TimesViewController.h; sourceTree = "<group>"; };
		91C40FF61688010400092BF8 /* TimesViewController.m */ = {isa = PBXFileReference; fileEncoding = 4; lastKnownFileType = sourcecode.c.objc; path = TimesViewController.m; sourceTree = "<group>"; };
		91C40FFD1688090900092BF8 /* TimerCell.h */ = {isa = PBXFileReference; fileEncoding = 4; lastKnownFileType = sourcecode.c.h; path = TimerCell.h; sourceTree = "<group>"; };
		91C40FFE1688090900092BF8 /* TimerCell.m */ = {isa = PBXFileReference; fileEncoding = 4; lastKnownFileType = sourcecode.c.objc; path = TimerCell.m; sourceTree = "<group>"; };
		91C410011688E07400092BF8 /* debut_light_@2X.png */ = {isa = PBXFileReference; lastKnownFileType = image.png; path = "debut_light_@2X.png"; sourceTree = "<group>"; };
		91C410021688E07400092BF8 /* debut_light.png */ = {isa = PBXFileReference; lastKnownFileType = image.png; path = debut_light.png; sourceTree = "<group>"; };
		91C410051688E87300092BF8 /* concrete_wall.png */ = {isa = PBXFileReference; lastKnownFileType = image.png; path = concrete_wall.png; sourceTree = "<group>"; };
		91C410071688E88100092BF8 /* darkdenim3.png */ = {isa = PBXFileReference; lastKnownFileType = image.png; path = darkdenim3.png; sourceTree = "<group>"; };
		91C4100D16891D5900092BF8 /* Timer.h */ = {isa = PBXFileReference; fileEncoding = 4; lastKnownFileType = sourcecode.c.h; path = Timer.h; sourceTree = "<group>"; };
		91C4100E16891D5900092BF8 /* Timer.m */ = {isa = PBXFileReference; fileEncoding = 4; lastKnownFileType = sourcecode.c.objc; path = Timer.m; sourceTree = "<group>"; };
		91E05C661698B59000FE4A3B /* SummaryHeaderView.h */ = {isa = PBXFileReference; fileEncoding = 4; lastKnownFileType = sourcecode.c.h; path = SummaryHeaderView.h; sourceTree = "<group>"; };
		91E05C671698B59000FE4A3B /* SummaryHeaderView.m */ = {isa = PBXFileReference; fileEncoding = 4; lastKnownFileType = sourcecode.c.objc; path = SummaryHeaderView.m; sourceTree = "<group>"; };
		91E05C691698C49700FE4A3B /* NoLapsCell.h */ = {isa = PBXFileReference; fileEncoding = 4; lastKnownFileType = sourcecode.c.h; path = NoLapsCell.h; sourceTree = "<group>"; };
		91E05C6A1698C49700FE4A3B /* NoLapsCell.m */ = {isa = PBXFileReference; fileEncoding = 4; lastKnownFileType = sourcecode.c.objc; path = NoLapsCell.m; sourceTree = "<group>"; };
		91E1A545168B45C30026DF49 /* QuartzCore.framework */ = {isa = PBXFileReference; lastKnownFileType = wrapper.framework; name = QuartzCore.framework; path = System/Library/Frameworks/QuartzCore.framework; sourceTree = SDKROOT; };
/* End PBXFileReference section */

/* Begin PBXFrameworksBuildPhase section */
		912CB59B169B47CD00A76138 /* Frameworks */ = {
			isa = PBXFrameworksBuildPhase;
			buildActionMask = 2147483647;
			files = (
				912CB59C169B47CD00A76138 /* QuartzCore.framework in Frameworks */,
				912CB59D169B47CD00A76138 /* UIKit.framework in Frameworks */,
				912CB59E169B47CD00A76138 /* Foundation.framework in Frameworks */,
				912CB59F169B47CD00A76138 /* CoreGraphics.framework in Frameworks */,
			);
			runOnlyForDeploymentPostprocessing = 0;
		};
		91C40F951687F7EE00092BF8 /* Frameworks */ = {
			isa = PBXFrameworksBuildPhase;
			buildActionMask = 2147483647;
			files = (
				913A1173169B78D100FBADC8 /* AVFoundation.framework in Frameworks */,
				91E1A546168B45C30026DF49 /* QuartzCore.framework in Frameworks */,
				91C40F9D1687F7EE00092BF8 /* UIKit.framework in Frameworks */,
				91C40F9F1687F7EE00092BF8 /* Foundation.framework in Frameworks */,
				91C40FA11687F7EE00092BF8 /* CoreGraphics.framework in Frameworks */,
			);
			runOnlyForDeploymentPostprocessing = 0;
		};
/* End PBXFrameworksBuildPhase section */

/* Begin PBXGroup section */
		912648F51694CE74004D552F /* Controllers */ = {
			isa = PBXGroup;
			children = (
				91C40FF51688010400092BF8 /* TimesViewController.h */,
				91C40FF61688010400092BF8 /* TimesViewController.m */,
				913103BB16968B580064406A /* SummaryViewController.h */,
				913103BC16968B580064406A /* SummaryViewController.m */,
				913A11B4169E09B100FBADC8 /* SettingsViewController.h */,
				913A11B5169E09B100FBADC8 /* SettingsViewController.m */,
				915B27F716A8656B00D30644 /* AboutViewController.h */,
				915B27F816A8656B00D30644 /* AboutViewController.m */,
			);
			name = Controllers;
			sourceTree = "<group>";
		};
		912648F61694CE89004D552F /* Models */ = {
			isa = PBXGroup;
			children = (
				91C4100D16891D5900092BF8 /* Timer.h */,
				91C4100E16891D5900092BF8 /* Timer.m */,
			);
			name = Models;
			sourceTree = "<group>";
		};
		912CB5AF169B47CD00A76138 /* Resources-iPad */ = {
			isa = PBXGroup;
			children = (
			);
			name = "Resources-iPad";
			sourceTree = "<group>";
		};
		913A118C169CC43100FBADC8 /* Assets */ = {
			isa = PBXGroup;
			children = (
				915B27E716A508F200D30644 /* bulls_eye_white_nostroke@2x~iphone.png */,
				915B27E516A5088A00D30644 /* bulls_eye_white@2x~iphone.png */,
				918773A816A4BADB000105DE /* cancel_button@2x~iphone.png */,
				913A119F169CE5BE00FBADC8 /* lap.wav */,
				915DFE4E169F5BE00011D453 /* button_gray@2x~iphone.png */,
				913A119D169CE54400FBADC8 /* start2.wav */,
				915DFE4C169F5B3C0011D453 /* nav_bar_gray@2x~iphone.png */,
				915DFE4A169F54400011D453 /* table_view_back@2x~iphone.png */,
				915B27F516A8586600D30644 /* Icon.png */,
				915B27F316A8586400D30644 /* Icon@2x.png */,
				915B27F116A50F1400D30644 /* settings_back@2x~iphone.png */,
				915B27ED16A50EAC00D30644 /* by_lap@2x~iphone.png */,
				915B27EE16A50EAC00D30644 /* by_timer@2x~iphone.png */,
				915B27E316A5068300D30644 /* lock_button@2x~iphone.png */,
				915B27E116A5067D00D30644 /* bulls_eye@2x~iphone.png */,
				915DFE8416A1F2D50011D453 /* button@2x~iphone.png */,
				915DFE8016A1F1D10011D453 /* plus_button@2x~iphone.png */,
				915DFE7C16A1EE940011D453 /* top_bar@2x~iphone.png */,
				915DFE7A16A1EE470011D453 /* bottom_bar@2x~iphone.png */,
				915DFE7616A1EE1D0011D453 /* summary_button@2x~iphone.png */,
				915DFE3A169F466E0011D453 /* nav_bar@2x~iphone.png */,
				9135A52C169E80A7002F79B8 /* line.png */,
				9135A52A169E809E002F79B8 /* bar.png */,
				9135A528169E7EED002F79B8 /* Clock.png */,
				9135A526169E7EE6002F79B8 /* Clipboard.png */,
				913A119B169CE4CD00FBADC8 /* stop4.wav */,
				913A11B2169E08EE00FBADC8 /* settings@2x~iphone.png */,
				913A118A169CB2AD00FBADC8 /* high_click.wav */,
				913A1186169BBCD500FBADC8 /* click_low.wav */,
				913A1182169BB95500FBADC8 /* swish.wav */,
				913A1180169BB3F900FBADC8 /* start.wav */,
				913A1195169CE0F400FBADC8 /* stop.wav */,
				913A1199169CE22B00FBADC8 /* stop3.wav */,
				913A1197169CE22100FBADC8 /* stop2.wav */,
				913A116D169B70EB00FBADC8 /* ClickButton.wav */,
				913A117A169BAF7500FBADC8 /* nav_click2.mp3 */,
				913A1176169BA84500FBADC8 /* lap_click.mp3 */,
				913A1178169BAA0000FBADC8 /* lapClick.mp3 */,
				913A1174169BA6ED00FBADC8 /* nav_click.mp3 */,
			);
			name = Assets;
			sourceTree = "<group>";
		};
		913A118D169CC48E00FBADC8 /* Helpers */ = {
			isa = PBXGroup;
			children = (
				914CD58F168E667E0087C263 /* CommonCLUtility.h */,
				914CD590168E667E0087C263 /* CommonCLUtility.m */,
				913A118E169CC4D300FBADC8 /* TockSoundPlayer.h */,
				913A118F169CC4D300FBADC8 /* TockSoundPlayer.m */,
			);
			name = Helpers;
			sourceTree = "<group>";
		};
		914CD592168F798E0087C263 /* Views */ = {
			isa = PBXGroup;
			children = (
				914BD5EF168CF9D10068BFC4 /* TimesTableView.h */,
				914BD5F0168CF9D10068BFC4 /* TimesTableView.m */,
				912648F21693B1DD004D552F /* BottomActionView.h */,
				912648F31693B1DD004D552F /* BottomActionView.m */,
				913103BE16968B780064406A /* SummaryTableView.h */,
				913103BF16968B780064406A /* SummaryTableView.m */,
				91E05C661698B59000FE4A3B /* SummaryHeaderView.h */,
				91E05C671698B59000FE4A3B /* SummaryHeaderView.m */,
				913A11A1169D095500FBADC8 /* GoalPickerView.h */,
				913A11A2169D095500FBADC8 /* GoalPickerView.m */,
			);
			name = Views;
			sourceTree = "<group>";
		};
		91C40F8D1687F7EE00092BF8 = {
			isa = PBXGroup;
			children = (
				913A1172169B78D100FBADC8 /* AVFoundation.framework */,
				913A1170169B71E500FBADC8 /* AudioToolbox.framework */,
				91E1A545168B45C30026DF49 /* QuartzCore.framework */,
				91C40FA21687F7EE00092BF8 /* Tock */,
				91C40F9B1687F7EE00092BF8 /* Frameworks */,
				91C40F991687F7EE00092BF8 /* Products */,
				91C410001688E03B00092BF8 /* Resources */,
				912CB5AF169B47CD00A76138 /* Resources-iPad */,
				912CB5B0169B47CE00A76138 /* Tock copy-Info.plist */,
			);
			sourceTree = "<group>";
		};
		91C40F991687F7EE00092BF8 /* Products */ = {
			isa = PBXGroup;
			children = (
				91C40F981687F7EE00092BF8 /* Tock.app */,
				912CB5AD169B47CD00A76138 /* Tock-iPad.app */,
			);
			name = Products;
			sourceTree = "<group>";
		};
		91C40F9B1687F7EE00092BF8 /* Frameworks */ = {
			isa = PBXGroup;
			children = (
				91C40F9C1687F7EE00092BF8 /* UIKit.framework */,
				91C40F9E1687F7EE00092BF8 /* Foundation.framework */,
				91C40FA01687F7EE00092BF8 /* CoreGraphics.framework */,
			);
			name = Frameworks;
			sourceTree = "<group>";
		};
		91C40FA21687F7EE00092BF8 /* Tock */ = {
			isa = PBXGroup;
			children = (
				91C40FAB1687F7EE00092BF8 /* AppDelegate.h */,
				91C40FAC1687F7EE00092BF8 /* AppDelegate.m */,
				912648F61694CE89004D552F /* Models */,
				912648F51694CE74004D552F /* Controllers */,
				91C40FFC168808CC00092BF8 /* Cells */,
				914CD592168F798E0087C263 /* Views */,
				913A118D169CC48E00FBADC8 /* Helpers */,
				91C40FA31687F7EE00092BF8 /* Supporting Files */,
				913A118C169CC43100FBADC8 /* Assets */,
			);
			name = Tock;
			path = Times;
			sourceTree = "<group>";
		};
		91C40FA31687F7EE00092BF8 /* Supporting Files */ = {
			isa = PBXGroup;
			children = (
				91C40FA41687F7EE00092BF8 /* Tock-Info.plist */,
				91C40FA51687F7EE00092BF8 /* InfoPlist.strings */,
				91C40FA81687F7EE00092BF8 /* main.m */,
				91C40FAA1687F7EE00092BF8 /* Tock-Prefix.pch */,
				91C40FAE1687F7EE00092BF8 /* Default.png */,
				91C40FB01687F7EE00092BF8 /* Default@2x.png */,
				91C40FB21687F7EE00092BF8 /* Default-568h@2x.png */,
			);
			name = "Supporting Files";
			sourceTree = "<group>";
		};
		91C40FFC168808CC00092BF8 /* Cells */ = {
			isa = PBXGroup;
			children = (
				91C40FFD1688090900092BF8 /* TimerCell.h */,
				91C40FFE1688090900092BF8 /* TimerCell.m */,
				9135A51D169E5C14002F79B8 /* TimerSummaryCell.h */,
				9135A51E169E5C14002F79B8 /* TimerSummaryCell.m */,
				913103C116968D520064406A /* SummaryCell.h */,
				913103C216968D520064406A /* SummaryCell.m */,
				91E05C691698C49700FE4A3B /* NoLapsCell.h */,
				91E05C6A1698C49700FE4A3B /* NoLapsCell.m */,
				9155E040169A184F00425B22 /* SummaryHeaderCell.h */,
				9155E041169A184F00425B22 /* SummaryHeaderCell.m */,
				913A11B9169E146800FBADC8 /* SettingsCell.h */,
				913A11BA169E146800FBADC8 /* SettingsCell.m */,
			);
			name = Cells;
			sourceTree = "<group>";
		};
		91C410001688E03B00092BF8 /* Resources */ = {
			isa = PBXGroup;
			children = (
				91C410071688E88100092BF8 /* darkdenim3.png */,
				91C410051688E87300092BF8 /* concrete_wall.png */,
				91C410021688E07400092BF8 /* debut_light.png */,
				91C410011688E07400092BF8 /* debut_light_@2X.png */,
			);
			name = Resources;
			path = Times;
			sourceTree = "<group>";
		};
/* End PBXGroup section */

/* Begin PBXNativeTarget section */
		912CB585169B47CD00A76138 /* Tock-iPad */ = {
			isa = PBXNativeTarget;
			buildConfigurationList = 912CB5AA169B47CD00A76138 /* Build configuration list for PBXNativeTarget "Tock-iPad" */;
			buildPhases = (
				912CB586169B47CD00A76138 /* Sources */,
				912CB59B169B47CD00A76138 /* Frameworks */,
				912CB5A0169B47CD00A76138 /* Resources */,
			);
			buildRules = (
			);
			dependencies = (
			);
			name = "Tock-iPad";
			productName = Times;
			productReference = 912CB5AD169B47CD00A76138 /* Tock-iPad.app */;
			productType = "com.apple.product-type.application";
		};
		91C40F971687F7EE00092BF8 /* Tock */ = {
			isa = PBXNativeTarget;
			buildConfigurationList = 91C40FB61687F7EE00092BF8 /* Build configuration list for PBXNativeTarget "Tock" */;
			buildPhases = (
				91C40F941687F7EE00092BF8 /* Sources */,
				91C40F951687F7EE00092BF8 /* Frameworks */,
				91C40F961687F7EE00092BF8 /* Resources */,
			);
			buildRules = (
			);
			dependencies = (
			);
			name = Tock;
			productName = Times;
			productReference = 91C40F981687F7EE00092BF8 /* Tock.app */;
			productType = "com.apple.product-type.application";
		};
/* End PBXNativeTarget section */

/* Begin PBXProject section */
		91C40F8F1687F7EE00092BF8 /* Project object */ = {
			isa = PBXProject;
			attributes = {
				LastUpgradeCheck = 0450;
				ORGANIZATIONNAME = "Doug Black";
			};
			buildConfigurationList = 91C40F921687F7EE00092BF8 /* Build configuration list for PBXProject "Tock" */;
			compatibilityVersion = "Xcode 3.2";
			developmentRegion = English;
			hasScannedForEncodings = 0;
			knownRegions = (
				en,
			);
			mainGroup = 91C40F8D1687F7EE00092BF8;
			productRefGroup = 91C40F991687F7EE00092BF8 /* Products */;
			projectDirPath = "";
			projectRoot = "";
			targets = (
				91C40F971687F7EE00092BF8 /* Tock */,
				912CB585169B47CD00A76138 /* Tock-iPad */,
			);
		};
/* End PBXProject section */

/* Begin PBXResourcesBuildPhase section */
		912CB5A0169B47CD00A76138 /* Resources */ = {
			isa = PBXResourcesBuildPhase;
			buildActionMask = 2147483647;
			files = (
				912CB5A1169B47CD00A76138 /* InfoPlist.strings in Resources */,
				912CB5A2169B47CD00A76138 /* Default.png in Resources */,
				912CB5A3169B47CD00A76138 /* Default@2x.png in Resources */,
				912CB5A4169B47CD00A76138 /* Default-568h@2x.png in Resources */,
				912CB5A5169B47CD00A76138 /* debut_light_@2X.png in Resources */,
				912CB5A6169B47CD00A76138 /* debut_light.png in Resources */,
				912CB5A7169B47CD00A76138 /* concrete_wall.png in Resources */,
				912CB5A8169B47CD00A76138 /* darkdenim3.png in Resources */,
			);
			runOnlyForDeploymentPostprocessing = 0;
		};
		91C40F961687F7EE00092BF8 /* Resources */ = {
			isa = PBXResourcesBuildPhase;
			buildActionMask = 2147483647;
			files = (
				91C40FA71687F7EE00092BF8 /* InfoPlist.strings in Resources */,
				91C40FAF1687F7EE00092BF8 /* Default.png in Resources */,
				91C40FB11687F7EE00092BF8 /* Default@2x.png in Resources */,
				91C40FB31687F7EE00092BF8 /* Default-568h@2x.png in Resources */,
				91C410031688E07400092BF8 /* debut_light_@2X.png in Resources */,
				91C410041688E07400092BF8 /* debut_light.png in Resources */,
				91C410061688E87300092BF8 /* concrete_wall.png in Resources */,
				91C410081688E88100092BF8 /* darkdenim3.png in Resources */,
				913A116E169B70EC00FBADC8 /* ClickButton.wav in Resources */,
				913A1175169BA6ED00FBADC8 /* nav_click.mp3 in Resources */,
				913A1177169BA84500FBADC8 /* lap_click.mp3 in Resources */,
				913A1179169BAA0000FBADC8 /* lapClick.mp3 in Resources */,
				913A117B169BAF7500FBADC8 /* nav_click2.mp3 in Resources */,
				913A1181169BB3F900FBADC8 /* start.wav in Resources */,
				913A1183169BB95500FBADC8 /* swish.wav in Resources */,
				913A1187169BBCD500FBADC8 /* click_low.wav in Resources */,
				913A118B169CB2AD00FBADC8 /* high_click.wav in Resources */,
				913A1196169CE0F400FBADC8 /* stop.wav in Resources */,
				913A1198169CE22100FBADC8 /* stop2.wav in Resources */,
				913A119A169CE22B00FBADC8 /* stop3.wav in Resources */,
				913A119C169CE4CD00FBADC8 /* stop4.wav in Resources */,
				913A119E169CE54400FBADC8 /* start2.wav in Resources */,
				913A11A0169CE5BE00FBADC8 /* lap.wav in Resources */,
				913A11B3169E08EE00FBADC8 /* settings@2x~iphone.png in Resources */,
				9135A527169E7EE6002F79B8 /* Clipboard.png in Resources */,
				9135A529169E7EED002F79B8 /* Clock.png in Resources */,
				9135A52B169E809E002F79B8 /* bar.png in Resources */,
				9135A52D169E80A7002F79B8 /* line.png in Resources */,
				915DFE3B169F466E0011D453 /* nav_bar@2x~iphone.png in Resources */,
				915DFE4B169F54400011D453 /* table_view_back@2x~iphone.png in Resources */,
				915DFE4D169F5B3C0011D453 /* nav_bar_gray@2x~iphone.png in Resources */,
				915DFE4F169F5BE00011D453 /* button_gray@2x~iphone.png in Resources */,
				915DFE7716A1EE1D0011D453 /* summary_button@2x~iphone.png in Resources */,
				915DFE7B16A1EE470011D453 /* bottom_bar@2x~iphone.png in Resources */,
				915DFE7D16A1EE940011D453 /* top_bar@2x~iphone.png in Resources */,
				915DFE8116A1F1D10011D453 /* plus_button@2x~iphone.png in Resources */,
				915DFE8516A1F2D50011D453 /* button@2x~iphone.png in Resources */,
				918773A916A4BADB000105DE /* cancel_button@2x~iphone.png in Resources */,
				915B27E216A5067D00D30644 /* bulls_eye@2x~iphone.png in Resources */,
				915B27E416A5068300D30644 /* lock_button@2x~iphone.png in Resources */,
				915B27E616A5088A00D30644 /* bulls_eye_white@2x~iphone.png in Resources */,
				915B27E816A508F200D30644 /* bulls_eye_white_nostroke@2x~iphone.png in Resources */,
				915B27EF16A50EAC00D30644 /* by_lap@2x~iphone.png in Resources */,
				915B27F016A50EAC00D30644 /* by_timer@2x~iphone.png in Resources */,
				915B27F216A50F1400D30644 /* settings_back@2x~iphone.png in Resources */,
				915B27F416A8586400D30644 /* Icon@2x.png in Resources */,
				915B27F616A8586600D30644 /* Icon.png in Resources */,
			);
			runOnlyForDeploymentPostprocessing = 0;
		};
/* End PBXResourcesBuildPhase section */

/* Begin PBXSourcesBuildPhase section */
		912CB586169B47CD00A76138 /* Sources */ = {
			isa = PBXSourcesBuildPhase;
			buildActionMask = 2147483647;
			files = (
				912CB587169B47CD00A76138 /* main.m in Sources */,
				912CB588169B47CD00A76138 /* AppDelegate.m in Sources */,
				912CB589169B47CD00A76138 /* TimesViewController.m in Sources */,
				912CB58A169B47CD00A76138 /* TimerCell.m in Sources */,
				912CB58B169B47CD00A76138 /* Timer.m in Sources */,
				912CB58C169B47CD00A76138 /* TimesTableView.m in Sources */,
				912CB58D169B47CD00A76138 /* CommonCLUtility.m in Sources */,
				912CB593169B47CD00A76138 /* BottomActionView.m in Sources */,
				912CB594169B47CD00A76138 /* SummaryViewController.m in Sources */,
				912CB595169B47CD00A76138 /* SummaryTableView.m in Sources */,
				912CB596169B47CD00A76138 /* SummaryCell.m in Sources */,
				912CB597169B47CD00A76138 /* SummaryHeaderView.m in Sources */,
				912CB598169B47CD00A76138 /* NoLapsCell.m in Sources */,
				912CB599169B47CD00A76138 /* SummaryHeaderCell.m in Sources */,
			);
			runOnlyForDeploymentPostprocessing = 0;
		};
		91C40F941687F7EE00092BF8 /* Sources */ = {
			isa = PBXSourcesBuildPhase;
			buildActionMask = 2147483647;
			files = (
				91C40FA91687F7EE00092BF8 /* main.m in Sources */,
				91C40FAD1687F7EE00092BF8 /* AppDelegate.m in Sources */,
				91C40FF71688010400092BF8 /* TimesViewController.m in Sources */,
				91C40FFF1688090900092BF8 /* TimerCell.m in Sources */,
				91C4100F16891D5900092BF8 /* Timer.m in Sources */,
				914BD5F1168CF9D10068BFC4 /* TimesTableView.m in Sources */,
				914CD591168E667E0087C263 /* CommonCLUtility.m in Sources */,
				912648F41693B1DD004D552F /* BottomActionView.m in Sources */,
				913103BD16968B580064406A /* SummaryViewController.m in Sources */,
				913103C016968B790064406A /* SummaryTableView.m in Sources */,
				913103C316968D520064406A /* SummaryCell.m in Sources */,
				91E05C681698B59000FE4A3B /* SummaryHeaderView.m in Sources */,
				91E05C6B1698C49700FE4A3B /* NoLapsCell.m in Sources */,
				9155E042169A184F00425B22 /* SummaryHeaderCell.m in Sources */,
				913A1190169CC4D300FBADC8 /* TockSoundPlayer.m in Sources */,
				913A11A3169D095500FBADC8 /* GoalPickerView.m in Sources */,
				913A11B6169E09B100FBADC8 /* SettingsViewController.m in Sources */,
				913A11BB169E146800FBADC8 /* SettingsCell.m in Sources */,
				9135A51F169E5C14002F79B8 /* TimerSummaryCell.m in Sources */,
				915B27F916A8656B00D30644 /* AboutViewController.m in Sources */,
			);
			runOnlyForDeploymentPostprocessing = 0;
		};
/* End PBXSourcesBuildPhase section */

/* Begin PBXVariantGroup section */
		91C40FA51687F7EE00092BF8 /* InfoPlist.strings */ = {
			isa = PBXVariantGroup;
			children = (
				91C40FA61687F7EE00092BF8 /* en */,
			);
			name = InfoPlist.strings;
			sourceTree = "<group>";
		};
/* End PBXVariantGroup section */

/* Begin XCBuildConfiguration section */
		912CB5AB169B47CD00A76138 /* Debug */ = {
			isa = XCBuildConfiguration;
			buildSettings = {
				GCC_PRECOMPILE_PREFIX_HEADER = YES;
				GCC_PREFIX_HEADER = "Times/Times-Prefix.pch";
				INFOPLIST_FILE = "Tock copy-Info.plist";
				IPHONEOS_DEPLOYMENT_TARGET = 6.0;
				PRODUCT_NAME = "Tock-iPad";
				TARGETED_DEVICE_FAMILY = 2;
				WRAPPER_EXTENSION = app;
			};
			name = Debug;
		};
		912CB5AC169B47CD00A76138 /* Release */ = {
			isa = XCBuildConfiguration;
			buildSettings = {
				GCC_PRECOMPILE_PREFIX_HEADER = YES;
				GCC_PREFIX_HEADER = "Times/Times-Prefix.pch";
				INFOPLIST_FILE = "Tock copy-Info.plist";
				IPHONEOS_DEPLOYMENT_TARGET = 6.0;
				PRODUCT_NAME = "Tock-iPad";
				TARGETED_DEVICE_FAMILY = 2;
				WRAPPER_EXTENSION = app;
			};
			name = Release;
		};
		91C40FB41687F7EE00092BF8 /* Debug */ = {
			isa = XCBuildConfiguration;
			buildSettings = {
				ALWAYS_SEARCH_USER_PATHS = NO;
				CLANG_CXX_LANGUAGE_STANDARD = "gnu++0x";
				CLANG_CXX_LIBRARY = "libc++";
				CLANG_ENABLE_OBJC_ARC = YES;
				CLANG_WARN_EMPTY_BODY = YES;
				CLANG_WARN__DUPLICATE_METHOD_MATCH = YES;
				"CODE_SIGN_IDENTITY[sdk=iphoneos*]" = "iPhone Developer";
				COPY_PHASE_STRIP = NO;
				GCC_C_LANGUAGE_STANDARD = gnu99;
				GCC_DYNAMIC_NO_PIC = NO;
				GCC_OPTIMIZATION_LEVEL = 0;
				GCC_PREPROCESSOR_DEFINITIONS = (
					"DEBUG=1",
					"$(inherited)",
				);
				GCC_SYMBOLS_PRIVATE_EXTERN = NO;
				GCC_WARN_ABOUT_RETURN_TYPE = YES;
				GCC_WARN_UNINITIALIZED_AUTOS = YES;
				GCC_WARN_UNUSED_VARIABLE = YES;
				IPHONEOS_DEPLOYMENT_TARGET = 6.0;
				ONLY_ACTIVE_ARCH = YES;
				PRODUCT_NAME = Tock;
				SDKROOT = iphoneos;
			};
			name = Debug;
		};
		91C40FB51687F7EE00092BF8 /* Release */ = {
			isa = XCBuildConfiguration;
			buildSettings = {
				ALWAYS_SEARCH_USER_PATHS = NO;
				CLANG_CXX_LANGUAGE_STANDARD = "gnu++0x";
				CLANG_CXX_LIBRARY = "libc++";
				CLANG_ENABLE_OBJC_ARC = YES;
				CLANG_WARN_EMPTY_BODY = YES;
				CLANG_WARN__DUPLICATE_METHOD_MATCH = YES;
				"CODE_SIGN_IDENTITY[sdk=iphoneos*]" = "iPhone Developer";
				COPY_PHASE_STRIP = YES;
				GCC_C_LANGUAGE_STANDARD = gnu99;
				GCC_WARN_ABOUT_RETURN_TYPE = YES;
				GCC_WARN_UNINITIALIZED_AUTOS = YES;
				GCC_WARN_UNUSED_VARIABLE = YES;
				IPHONEOS_DEPLOYMENT_TARGET = 6.0;
				OTHER_CFLAGS = "-DNS_BLOCK_ASSERTIONS=1";
				PRODUCT_NAME = Tock;
				SDKROOT = iphoneos;
				VALIDATE_PRODUCT = YES;
			};
			name = Release;
		};
		91C40FB71687F7EE00092BF8 /* Debug */ = {
			isa = XCBuildConfiguration;
			buildSettings = {
				GCC_PRECOMPILE_PREFIX_HEADER = YES;
				GCC_PREFIX_HEADER = "Times/Tock-Prefix.pch";
				INFOPLIST_FILE = "Times/Tock-Info.plist";
				PRODUCT_NAME = Tock;
				WRAPPER_EXTENSION = app;
			};
			name = Debug;
		};
		91C40FB81687F7EE00092BF8 /* Release */ = {
			isa = XCBuildConfiguration;
			buildSettings = {
				GCC_PRECOMPILE_PREFIX_HEADER = YES;
				GCC_PREFIX_HEADER = "Times/Tock-Prefix.pch";
				INFOPLIST_FILE = "Times/Tock-Info.plist";
				PRODUCT_NAME = Tock;
				WRAPPER_EXTENSION = app;
			};
			name = Release;
		};
/* End XCBuildConfiguration section */

/* Begin XCConfigurationList section */
		912CB5AA169B47CD00A76138 /* Build configuration list for PBXNativeTarget "Tock-iPad" */ = {
			isa = XCConfigurationList;
			buildConfigurations = (
				912CB5AB169B47CD00A76138 /* Debug */,
				912CB5AC169B47CD00A76138 /* Release */,
			);
			defaultConfigurationIsVisible = 0;
			defaultConfigurationName = Release;
		};
		91C40F921687F7EE00092BF8 /* Build configuration list for PBXProject "Tock" */ = {
			isa = XCConfigurationList;
			buildConfigurations = (
				91C40FB41687F7EE00092BF8 /* Debug */,
				91C40FB51687F7EE00092BF8 /* Release */,
			);
			defaultConfigurationIsVisible = 0;
			defaultConfigurationName = Release;
		};
		91C40FB61687F7EE00092BF8 /* Build configuration list for PBXNativeTarget "Tock" */ = {
			isa = XCConfigurationList;
			buildConfigurations = (
				91C40FB71687F7EE00092BF8 /* Debug */,
				91C40FB81687F7EE00092BF8 /* Release */,
			);
			defaultConfigurationIsVisible = 0;
			defaultConfigurationName = Release;
		};
/* End XCConfigurationList section */
	};
	rootObject = 91C40F8F1687F7EE00092BF8 /* Project object */;
}
